// !$*UTF8*$!
{
	archiveVersion = 1;
	classes = {
	};
	objectVersion = 52;
	objects = {

/* Begin PBXBuildFile section */
		15202661244A3FD70094AE4F /* CourseDetail.swift in Sources */ = {isa = PBXBuildFile; fileRef = 15202660244A3FD70094AE4F /* CourseDetail.swift */; };
		15202663244A46C00094AE4F /* Data.swift in Sources */ = {isa = PBXBuildFile; fileRef = 15202662244A46C00094AE4F /* Data.swift */; };
		15202665244A48660094AE4F /* PostList.swift in Sources */ = {isa = PBXBuildFile; fileRef = 15202664244A48660094AE4F /* PostList.swift */; };
		15202667244A4E0D0094AE4F /* DataStore.swift in Sources */ = {isa = PBXBuildFile; fileRef = 15202666244A4E0D0094AE4F /* DataStore.swift */; };
		1520266A244A507B0094AE4F /* Contentful in Frameworks */ = {isa = PBXBuildFile; productRef = 15202669244A507B0094AE4F /* Contentful */; };
		1520266C244A52470094AE4F /* CourseStore.swift in Sources */ = {isa = PBXBuildFile; fileRef = 1520266B244A52470094AE4F /* CourseStore.swift */; };
		15386A202441632A0034BEF8 /* AppDelegate.swift in Sources */ = {isa = PBXBuildFile; fileRef = 15386A1F2441632A0034BEF8 /* AppDelegate.swift */; };
		15386A222441632A0034BEF8 /* SceneDelegate.swift in Sources */ = {isa = PBXBuildFile; fileRef = 15386A212441632A0034BEF8 /* SceneDelegate.swift */; };
		15386A242441632A0034BEF8 /* ContentView.swift in Sources */ = {isa = PBXBuildFile; fileRef = 15386A232441632A0034BEF8 /* ContentView.swift */; };
		15386A262441632F0034BEF8 /* Assets.xcassets in Resources */ = {isa = PBXBuildFile; fileRef = 15386A252441632F0034BEF8 /* Assets.xcassets */; };
		15386A292441632F0034BEF8 /* Preview Assets.xcassets in Resources */ = {isa = PBXBuildFile; fileRef = 15386A282441632F0034BEF8 /* Preview Assets.xcassets */; };
		15386A2C2441632F0034BEF8 /* LaunchScreen.storyboard in Resources */ = {isa = PBXBuildFile; fileRef = 15386A2A2441632F0034BEF8 /* LaunchScreen.storyboard */; };
		157C189F24451C3C00C6771E /* MenuView.swift in Sources */ = {isa = PBXBuildFile; fileRef = 157C189E24451C3C00C6771E /* MenuView.swift */; };
		157C18A12445281900C6771E /* Home.swift in Sources */ = {isa = PBXBuildFile; fileRef = 157C18A02445281900C6771E /* Home.swift */; };
		157C18A324453D7500C6771E /* HomeView.swift in Sources */ = {isa = PBXBuildFile; fileRef = 157C18A224453D7500C6771E /* HomeView.swift */; };
		15A163F0244B563700F6D1CF /* SDWebImageSwiftUI in Frameworks */ = {isa = PBXBuildFile; productRef = 15A163EF244B563700F6D1CF /* SDWebImageSwiftUI */; };
		15A163F2244B5A4600F6D1CF /* BlurView.swift in Sources */ = {isa = PBXBuildFile; fileRef = 15A163F1244B5A4600F6D1CF /* BlurView.swift */; };
		15AD728324478F7900BEF23E /* Modifiers.swift in Sources */ = {isa = PBXBuildFile; fileRef = 15AD728224478F7900BEF23E /* Modifiers.swift */; };
		15AD72852447932D00BEF23E /* Roboto in Resources */ = {isa = PBXBuildFile; fileRef = 15AD72842447932D00BEF23E /* Roboto */; };
		15AD72872447D6A200BEF23E /* CourseList.swift in Sources */ = {isa = PBXBuildFile; fileRef = 15AD72862447D6A200BEF23E /* CourseList.swift */; };
		15BEDC7B2445FFF300FBC96B /* UpdateList.swift in Sources */ = {isa = PBXBuildFile; fileRef = 15BEDC7A2445FFF300FBC96B /* UpdateList.swift */; };
		15BEDC7D244603BB00FBC96B /* UpdateDetail.swift in Sources */ = {isa = PBXBuildFile; fileRef = 15BEDC7C244603BB00FBC96B /* UpdateDetail.swift */; };
		15BEDC7F24462FEF00FBC96B /* UpdateStore.swift in Sources */ = {isa = PBXBuildFile; fileRef = 15BEDC7E24462FEF00FBC96B /* UpdateStore.swift */; };
		15BEDC8124463C6100FBC96B /* TabBar.swift in Sources */ = {isa = PBXBuildFile; fileRef = 15BEDC8024463C6100FBC96B /* TabBar.swift */; };
		15BEDC83244641D400FBC96B /* RingView.swift in Sources */ = {isa = PBXBuildFile; fileRef = 15BEDC82244641D400FBC96B /* RingView.swift */; };
/* End PBXBuildFile section */

/* Begin PBXFileReference section */
		15202660244A3FD70094AE4F /* CourseDetail.swift */ = {isa = PBXFileReference; lastKnownFileType = sourcecode.swift; path = CourseDetail.swift; sourceTree = "<group>"; };
		15202662244A46C00094AE4F /* Data.swift */ = {isa = PBXFileReference; lastKnownFileType = sourcecode.swift; path = Data.swift; sourceTree = "<group>"; };
		15202664244A48660094AE4F /* PostList.swift */ = {isa = PBXFileReference; lastKnownFileType = sourcecode.swift; path = PostList.swift; sourceTree = "<group>"; };
		15202666244A4E0D0094AE4F /* DataStore.swift */ = {isa = PBXFileReference; lastKnownFileType = sourcecode.swift; path = DataStore.swift; sourceTree = "<group>"; };
		1520266B244A52470094AE4F /* CourseStore.swift */ = {isa = PBXFileReference; lastKnownFileType = sourcecode.swift; path = CourseStore.swift; sourceTree = "<group>"; };
		15386A1C2441632A0034BEF8 /* 1_Layout_and_Stacks.app */ = {isa = PBXFileReference; explicitFileType = wrapper.application; includeInIndex = 0; path = 1_Layout_and_Stacks.app; sourceTree = BUILT_PRODUCTS_DIR; };
		15386A1F2441632A0034BEF8 /* AppDelegate.swift */ = {isa = PBXFileReference; lastKnownFileType = sourcecode.swift; path = AppDelegate.swift; sourceTree = "<group>"; };
		15386A212441632A0034BEF8 /* SceneDelegate.swift */ = {isa = PBXFileReference; lastKnownFileType = sourcecode.swift; path = SceneDelegate.swift; sourceTree = "<group>"; };
		15386A232441632A0034BEF8 /* ContentView.swift */ = {isa = PBXFileReference; lastKnownFileType = sourcecode.swift; path = ContentView.swift; sourceTree = "<group>"; };
		15386A252441632F0034BEF8 /* Assets.xcassets */ = {isa = PBXFileReference; lastKnownFileType = folder.assetcatalog; path = Assets.xcassets; sourceTree = "<group>"; };
		15386A282441632F0034BEF8 /* Preview Assets.xcassets */ = {isa = PBXFileReference; lastKnownFileType = folder.assetcatalog; path = "Preview Assets.xcassets"; sourceTree = "<group>"; };
		15386A2B2441632F0034BEF8 /* Base */ = {isa = PBXFileReference; lastKnownFileType = file.storyboard; name = Base; path = Base.lproj/LaunchScreen.storyboard; sourceTree = "<group>"; };
		15386A2D2441632F0034BEF8 /* Info.plist */ = {isa = PBXFileReference; lastKnownFileType = text.plist.xml; path = Info.plist; sourceTree = "<group>"; };
		157C189E24451C3C00C6771E /* MenuView.swift */ = {isa = PBXFileReference; lastKnownFileType = sourcecode.swift; path = MenuView.swift; sourceTree = "<group>"; };
		157C18A02445281900C6771E /* Home.swift */ = {isa = PBXFileReference; lastKnownFileType = sourcecode.swift; path = Home.swift; sourceTree = "<group>"; };
		157C18A224453D7500C6771E /* HomeView.swift */ = {isa = PBXFileReference; lastKnownFileType = sourcecode.swift; path = HomeView.swift; sourceTree = "<group>"; };
		15A163F1244B5A4600F6D1CF /* BlurView.swift */ = {isa = PBXFileReference; lastKnownFileType = sourcecode.swift; path = BlurView.swift; sourceTree = "<group>"; };
		15AD728224478F7900BEF23E /* Modifiers.swift */ = {isa = PBXFileReference; lastKnownFileType = sourcecode.swift; path = Modifiers.swift; sourceTree = "<group>"; };
		15AD72842447932D00BEF23E /* Roboto */ = {isa = PBXFileReference; lastKnownFileType = folder; path = Roboto; sourceTree = "<group>"; };
		15AD72862447D6A200BEF23E /* CourseList.swift */ = {isa = PBXFileReference; lastKnownFileType = sourcecode.swift; path = CourseList.swift; sourceTree = "<group>"; };
		15BEDC7A2445FFF300FBC96B /* UpdateList.swift */ = {isa = PBXFileReference; lastKnownFileType = sourcecode.swift; path = UpdateList.swift; sourceTree = "<group>"; };
		15BEDC7C244603BB00FBC96B /* UpdateDetail.swift */ = {isa = PBXFileReference; lastKnownFileType = sourcecode.swift; path = UpdateDetail.swift; sourceTree = "<group>"; };
		15BEDC7E24462FEF00FBC96B /* UpdateStore.swift */ = {isa = PBXFileReference; lastKnownFileType = sourcecode.swift; path = UpdateStore.swift; sourceTree = "<group>"; };
		15BEDC8024463C6100FBC96B /* TabBar.swift */ = {isa = PBXFileReference; lastKnownFileType = sourcecode.swift; path = TabBar.swift; sourceTree = "<group>"; };
		15BEDC82244641D400FBC96B /* RingView.swift */ = {isa = PBXFileReference; lastKnownFileType = sourcecode.swift; path = RingView.swift; sourceTree = "<group>"; };
/* End PBXFileReference section */

/* Begin PBXFrameworksBuildPhase section */
		15386A192441632A0034BEF8 /* Frameworks */ = {
			isa = PBXFrameworksBuildPhase;
			buildActionMask = 2147483647;
			files = (
				15A163F0244B563700F6D1CF /* SDWebImageSwiftUI in Frameworks */,
				1520266A244A507B0094AE4F /* Contentful in Frameworks */,
			);
			runOnlyForDeploymentPostprocessing = 0;
		};
/* End PBXFrameworksBuildPhase section */

/* Begin PBXGroup section */
		15386A13244163290034BEF8 = {
			isa = PBXGroup;
			children = (
				15386A1E2441632A0034BEF8 /* 1_Layout_and_Stacks */,
				15386A1D2441632A0034BEF8 /* Products */,
			);
			sourceTree = "<group>";
		};
		15386A1D2441632A0034BEF8 /* Products */ = {
			isa = PBXGroup;
			children = (
				15386A1C2441632A0034BEF8 /* 1_Layout_and_Stacks.app */,
			);
			name = Products;
			sourceTree = "<group>";
		};
		15386A1E2441632A0034BEF8 /* 1_Layout_and_Stacks */ = {
			isa = PBXGroup;
			children = (
				15386A1F2441632A0034BEF8 /* AppDelegate.swift */,
				15386A212441632A0034BEF8 /* SceneDelegate.swift */,
				15386A232441632A0034BEF8 /* ContentView.swift */,
				157C18A02445281900C6771E /* Home.swift */,
				15BEDC82244641D400FBC96B /* RingView.swift */,
				15AD728224478F7900BEF23E /* Modifiers.swift */,
				15BEDC8024463C6100FBC96B /* TabBar.swift */,
				15A163F1244B5A4600F6D1CF /* BlurView.swift */,
				15BEDC7A2445FFF300FBC96B /* UpdateList.swift */,
				15AD72862447D6A200BEF23E /* CourseList.swift */,
				1520266B244A52470094AE4F /* CourseStore.swift */,
				15202660244A3FD70094AE4F /* CourseDetail.swift */,
				15BEDC7C244603BB00FBC96B /* UpdateDetail.swift */,
				15BEDC7E24462FEF00FBC96B /* UpdateStore.swift */,
				15202662244A46C00094AE4F /* Data.swift */,
				15202666244A4E0D0094AE4F /* DataStore.swift */,
				15202664244A48660094AE4F /* PostList.swift */,
				157C18A224453D7500C6771E /* HomeView.swift */,
				157C189E24451C3C00C6771E /* MenuView.swift */,
				15386A252441632F0034BEF8 /* Assets.xcassets */,
				15AD72842447932D00BEF23E /* Roboto */,
				15386A2A2441632F0034BEF8 /* LaunchScreen.storyboard */,
				15386A2D2441632F0034BEF8 /* Info.plist */,
				15386A272441632F0034BEF8 /* Preview Content */,
			);
			path = 1_Layout_and_Stacks;
			sourceTree = "<group>";
		};
		15386A272441632F0034BEF8 /* Preview Content */ = {
			isa = PBXGroup;
			children = (
				15386A282441632F0034BEF8 /* Preview Assets.xcassets */,
			);
			path = "Preview Content";
			sourceTree = "<group>";
		};
/* End PBXGroup section */

/* Begin PBXNativeTarget section */
		15386A1B2441632A0034BEF8 /* 1_Layout_and_Stacks */ = {
			isa = PBXNativeTarget;
			buildConfigurationList = 15386A302441632F0034BEF8 /* Build configuration list for PBXNativeTarget "1_Layout_and_Stacks" */;
			buildPhases = (
				15386A182441632A0034BEF8 /* Sources */,
				15386A192441632A0034BEF8 /* Frameworks */,
				15386A1A2441632A0034BEF8 /* Resources */,
			);
			buildRules = (
			);
			dependencies = (
			);
			name = 1_Layout_and_Stacks;
			packageProductDependencies = (
				15202669244A507B0094AE4F /* Contentful */,
				15A163EF244B563700F6D1CF /* SDWebImageSwiftUI */,
			);
			productName = 1_Layout_and_Stacks;
			productReference = 15386A1C2441632A0034BEF8 /* 1_Layout_and_Stacks.app */;
			productType = "com.apple.product-type.application";
		};
/* End PBXNativeTarget section */

/* Begin PBXProject section */
		15386A14244163290034BEF8 /* Project object */ = {
			isa = PBXProject;
			attributes = {
				LastSwiftUpdateCheck = 1140;
				LastUpgradeCheck = 1140;
				ORGANIZATIONNAME = anandbatjargal;
				TargetAttributes = {
					15386A1B2441632A0034BEF8 = {
						CreatedOnToolsVersion = 11.4;
					};
				};
			};
			buildConfigurationList = 15386A17244163290034BEF8 /* Build configuration list for PBXProject "1_Layout_and_Stacks" */;
			compatibilityVersion = "Xcode 9.3";
			developmentRegion = en;
			hasScannedForEncodings = 0;
			knownRegions = (
				en,
				Base,
			);
			mainGroup = 15386A13244163290034BEF8;
			packageReferences = (
				15202668244A507B0094AE4F /* XCRemoteSwiftPackageReference "contentful.swift" */,
				15A163EE244B563700F6D1CF /* XCRemoteSwiftPackageReference "SDWebImageSwiftUI" */,
			);
			productRefGroup = 15386A1D2441632A0034BEF8 /* Products */;
			projectDirPath = "";
			projectRoot = "";
			targets = (
				15386A1B2441632A0034BEF8 /* 1_Layout_and_Stacks */,
			);
		};
/* End PBXProject section */

/* Begin PBXResourcesBuildPhase section */
		15386A1A2441632A0034BEF8 /* Resources */ = {
			isa = PBXResourcesBuildPhase;
			buildActionMask = 2147483647;
			files = (
				15386A2C2441632F0034BEF8 /* LaunchScreen.storyboard in Resources */,
				15386A292441632F0034BEF8 /* Preview Assets.xcassets in Resources */,
				15386A262441632F0034BEF8 /* Assets.xcassets in Resources */,
				15AD72852447932D00BEF23E /* Roboto in Resources */,
			);
			runOnlyForDeploymentPostprocessing = 0;
		};
/* End PBXResourcesBuildPhase section */

/* Begin PBXSourcesBuildPhase section */
		15386A182441632A0034BEF8 /* Sources */ = {
			isa = PBXSourcesBuildPhase;
			buildActionMask = 2147483647;
			files = (
				1520266C244A52470094AE4F /* CourseStore.swift in Sources */,
				15386A202441632A0034BEF8 /* AppDelegate.swift in Sources */,
				15202663244A46C00094AE4F /* Data.swift in Sources */,
				15202667244A4E0D0094AE4F /* DataStore.swift in Sources */,
				15BEDC7F24462FEF00FBC96B /* UpdateStore.swift in Sources */,
				15BEDC7B2445FFF300FBC96B /* UpdateList.swift in Sources */,
				157C189F24451C3C00C6771E /* MenuView.swift in Sources */,
				15AD728324478F7900BEF23E /* Modifiers.swift in Sources */,
				15BEDC7D244603BB00FBC96B /* UpdateDetail.swift in Sources */,
				15BEDC83244641D400FBC96B /* RingView.swift in Sources */,
				157C18A12445281900C6771E /* Home.swift in Sources */,
				157C18A324453D7500C6771E /* HomeView.swift in Sources */,
				15386A222441632A0034BEF8 /* SceneDelegate.swift in Sources */,
				15202665244A48660094AE4F /* PostList.swift in Sources */,
				15386A242441632A0034BEF8 /* ContentView.swift in Sources */,
				15202661244A3FD70094AE4F /* CourseDetail.swift in Sources */,
				15A163F2244B5A4600F6D1CF /* BlurView.swift in Sources */,
				15BEDC8124463C6100FBC96B /* TabBar.swift in Sources */,
				15AD72872447D6A200BEF23E /* CourseList.swift in Sources */,
			);
			runOnlyForDeploymentPostprocessing = 0;
		};
/* End PBXSourcesBuildPhase section */

/* Begin PBXVariantGroup section */
		15386A2A2441632F0034BEF8 /* LaunchScreen.storyboard */ = {
			isa = PBXVariantGroup;
			children = (
				15386A2B2441632F0034BEF8 /* Base */,
			);
			name = LaunchScreen.storyboard;
			sourceTree = "<group>";
		};
/* End PBXVariantGroup section */

/* Begin XCBuildConfiguration section */
		15386A2E2441632F0034BEF8 /* Debug */ = {
			isa = XCBuildConfiguration;
			buildSettings = {
				ALWAYS_SEARCH_USER_PATHS = NO;
				CLANG_ANALYZER_NONNULL = YES;
				CLANG_ANALYZER_NUMBER_OBJECT_CONVERSION = YES_AGGRESSIVE;
				CLANG_CXX_LANGUAGE_STANDARD = "gnu++14";
				CLANG_CXX_LIBRARY = "libc++";
				CLANG_ENABLE_MODULES = YES;
				CLANG_ENABLE_OBJC_ARC = YES;
				CLANG_ENABLE_OBJC_WEAK = YES;
				CLANG_WARN_BLOCK_CAPTURE_AUTORELEASING = YES;
				CLANG_WARN_BOOL_CONVERSION = YES;
				CLANG_WARN_COMMA = YES;
				CLANG_WARN_CONSTANT_CONVERSION = YES;
				CLANG_WARN_DEPRECATED_OBJC_IMPLEMENTATIONS = YES;
				CLANG_WARN_DIRECT_OBJC_ISA_USAGE = YES_ERROR;
				CLANG_WARN_DOCUMENTATION_COMMENTS = YES;
				CLANG_WARN_EMPTY_BODY = YES;
				CLANG_WARN_ENUM_CONVERSION = YES;
				CLANG_WARN_INFINITE_RECURSION = YES;
				CLANG_WARN_INT_CONVERSION = YES;
				CLANG_WARN_NON_LITERAL_NULL_CONVERSION = YES;
				CLANG_WARN_OBJC_IMPLICIT_RETAIN_SELF = YES;
				CLANG_WARN_OBJC_LITERAL_CONVERSION = YES;
				CLANG_WARN_OBJC_ROOT_CLASS = YES_ERROR;
				CLANG_WARN_RANGE_LOOP_ANALYSIS = YES;
				CLANG_WARN_STRICT_PROTOTYPES = YES;
				CLANG_WARN_SUSPICIOUS_MOVE = YES;
				CLANG_WARN_UNGUARDED_AVAILABILITY = YES_AGGRESSIVE;
				CLANG_WARN_UNREACHABLE_CODE = YES;
				CLANG_WARN__DUPLICATE_METHOD_MATCH = YES;
				COPY_PHASE_STRIP = NO;
				DEBUG_INFORMATION_FORMAT = dwarf;
				ENABLE_STRICT_OBJC_MSGSEND = YES;
				ENABLE_TESTABILITY = YES;
				GCC_C_LANGUAGE_STANDARD = gnu11;
				GCC_DYNAMIC_NO_PIC = NO;
				GCC_NO_COMMON_BLOCKS = YES;
				GCC_OPTIMIZATION_LEVEL = 0;
				GCC_PREPROCESSOR_DEFINITIONS = (
					"DEBUG=1",
					"$(inherited)",
				);
				GCC_WARN_64_TO_32_BIT_CONVERSION = YES;
				GCC_WARN_ABOUT_RETURN_TYPE = YES_ERROR;
				GCC_WARN_UNDECLARED_SELECTOR = YES;
				GCC_WARN_UNINITIALIZED_AUTOS = YES_AGGRESSIVE;
				GCC_WARN_UNUSED_FUNCTION = YES;
				GCC_WARN_UNUSED_VARIABLE = YES;
				IPHONEOS_DEPLOYMENT_TARGET = 13.4;
				MTL_ENABLE_DEBUG_INFO = INCLUDE_SOURCE;
				MTL_FAST_MATH = YES;
				ONLY_ACTIVE_ARCH = YES;
				SDKROOT = iphoneos;
				SWIFT_ACTIVE_COMPILATION_CONDITIONS = DEBUG;
				SWIFT_OPTIMIZATION_LEVEL = "-Onone";
			};
			name = Debug;
		};
		15386A2F2441632F0034BEF8 /* Release */ = {
			isa = XCBuildConfiguration;
			buildSettings = {
				ALWAYS_SEARCH_USER_PATHS = NO;
				CLANG_ANALYZER_NONNULL = YES;
				CLANG_ANALYZER_NUMBER_OBJECT_CONVERSION = YES_AGGRESSIVE;
				CLANG_CXX_LANGUAGE_STANDARD = "gnu++14";
				CLANG_CXX_LIBRARY = "libc++";
				CLANG_ENABLE_MODULES = YES;
				CLANG_ENABLE_OBJC_ARC = YES;
				CLANG_ENABLE_OBJC_WEAK = YES;
				CLANG_WARN_BLOCK_CAPTURE_AUTORELEASING = YES;
				CLANG_WARN_BOOL_CONVERSION = YES;
				CLANG_WARN_COMMA = YES;
				CLANG_WARN_CONSTANT_CONVERSION = YES;
				CLANG_WARN_DEPRECATED_OBJC_IMPLEMENTATIONS = YES;
				CLANG_WARN_DIRECT_OBJC_ISA_USAGE = YES_ERROR;
				CLANG_WARN_DOCUMENTATION_COMMENTS = YES;
				CLANG_WARN_EMPTY_BODY = YES;
				CLANG_WARN_ENUM_CONVERSION = YES;
				CLANG_WARN_INFINITE_RECURSION = YES;
				CLANG_WARN_INT_CONVERSION = YES;
				CLANG_WARN_NON_LITERAL_NULL_CONVERSION = YES;
				CLANG_WARN_OBJC_IMPLICIT_RETAIN_SELF = YES;
				CLANG_WARN_OBJC_LITERAL_CONVERSION = YES;
				CLANG_WARN_OBJC_ROOT_CLASS = YES_ERROR;
				CLANG_WARN_RANGE_LOOP_ANALYSIS = YES;
				CLANG_WARN_STRICT_PROTOTYPES = YES;
				CLANG_WARN_SUSPICIOUS_MOVE = YES;
				CLANG_WARN_UNGUARDED_AVAILABILITY = YES_AGGRESSIVE;
				CLANG_WARN_UNREACHABLE_CODE = YES;
				CLANG_WARN__DUPLICATE_METHOD_MATCH = YES;
				COPY_PHASE_STRIP = NO;
				DEBUG_INFORMATION_FORMAT = "dwarf-with-dsym";
				ENABLE_NS_ASSERTIONS = NO;
				ENABLE_STRICT_OBJC_MSGSEND = YES;
				GCC_C_LANGUAGE_STANDARD = gnu11;
				GCC_NO_COMMON_BLOCKS = YES;
				GCC_WARN_64_TO_32_BIT_CONVERSION = YES;
				GCC_WARN_ABOUT_RETURN_TYPE = YES_ERROR;
				GCC_WARN_UNDECLARED_SELECTOR = YES;
				GCC_WARN_UNINITIALIZED_AUTOS = YES_AGGRESSIVE;
				GCC_WARN_UNUSED_FUNCTION = YES;
				GCC_WARN_UNUSED_VARIABLE = YES;
				IPHONEOS_DEPLOYMENT_TARGET = 13.4;
				MTL_ENABLE_DEBUG_INFO = NO;
				MTL_FAST_MATH = YES;
				SDKROOT = iphoneos;
				SWIFT_COMPILATION_MODE = wholemodule;
				SWIFT_OPTIMIZATION_LEVEL = "-O";
				VALIDATE_PRODUCT = YES;
			};
			name = Release;
		};
		15386A312441632F0034BEF8 /* Debug */ = {
			isa = XCBuildConfiguration;
			buildSettings = {
				ASSETCATALOG_COMPILER_APPICON_NAME = AppIcon;
				CODE_SIGN_STYLE = Automatic;
				DEVELOPMENT_ASSET_PATHS = "\"1_Layout_and_Stacks/Preview Content\"";
				DEVELOPMENT_TEAM = 85RCG4JCT7;
				ENABLE_PREVIEWS = YES;
				INFOPLIST_FILE = 1_Layout_and_Stacks/Info.plist;
				LD_RUNPATH_SEARCH_PATHS = (
					"$(inherited)",
					"@executable_path/Frameworks",
				);
				PRODUCT_BUNDLE_IDENTIFIER = "com.anandbatjargal.--Layout-and-Stacks";
				PRODUCT_NAME = "$(TARGET_NAME)";
				SWIFT_VERSION = 5.0;
				TARGETED_DEVICE_FAMILY = "1,2";
			};
			name = Debug;
		};
		15386A322441632F0034BEF8 /* Release */ = {
			isa = XCBuildConfiguration;
			buildSettings = {
				ASSETCATALOG_COMPILER_APPICON_NAME = AppIcon;
				CODE_SIGN_STYLE = Automatic;
				DEVELOPMENT_ASSET_PATHS = "\"1_Layout_and_Stacks/Preview Content\"";
				DEVELOPMENT_TEAM = 85RCG4JCT7;
				ENABLE_PREVIEWS = YES;
				INFOPLIST_FILE = 1_Layout_and_Stacks/Info.plist;
				LD_RUNPATH_SEARCH_PATHS = (
					"$(inherited)",
					"@executable_path/Frameworks",
				);
				PRODUCT_BUNDLE_IDENTIFIER = "com.anandbatjargal.--Layout-and-Stacks";
				PRODUCT_NAME = "$(TARGET_NAME)";
				SWIFT_VERSION = 5.0;
				TARGETED_DEVICE_FAMILY = "1,2";
			};
			name = Release;
		};
/* End XCBuildConfiguration section */

/* Begin XCConfigurationList section */
		15386A17244163290034BEF8 /* Build configuration list for PBXProject "1_Layout_and_Stacks" */ = {
			isa = XCConfigurationList;
			buildConfigurations = (
				15386A2E2441632F0034BEF8 /* Debug */,
				15386A2F2441632F0034BEF8 /* Release */,
			);
			defaultConfigurationIsVisible = 0;
			defaultConfigurationName = Release;
		};
		15386A302441632F0034BEF8 /* Build configuration list for PBXNativeTarget "1_Layout_and_Stacks" */ = {
			isa = XCConfigurationList;
			buildConfigurations = (
				15386A312441632F0034BEF8 /* Debug */,
				15386A322441632F0034BEF8 /* Release */,
			);
			defaultConfigurationIsVisible = 0;
			defaultConfigurationName = Release;
		};
/* End XCConfigurationList section */

/* Begin XCRemoteSwiftPackageReference section */
		15202668244A507B0094AE4F /* XCRemoteSwiftPackageReference "contentful.swift" */ = {
			isa = XCRemoteSwiftPackageReference;
			repositoryURL = "https://github.com/contentful/contentful.swift.git";
			requirement = {
				kind = upToNextMajorVersion;
				minimumVersion = 5.0.9;
			};
		};
		15A163EE244B563700F6D1CF /* XCRemoteSwiftPackageReference "SDWebImageSwiftUI" */ = {
			isa = XCRemoteSwiftPackageReference;
			repositoryURL = "https://github.com/SDWebImage/SDWebImageSwiftUI.git";
			requirement = {
				kind = upToNextMajorVersion;
				minimumVersion = 1.3.3;
			};
		};
/* End XCRemoteSwiftPackageReference section */

/* Begin XCSwiftPackageProductDependency section */
		15202669244A507B0094AE4F /* Contentful */ = {
			isa = XCSwiftPackageProductDependency;
			package = 15202668244A507B0094AE4F /* XCRemoteSwiftPackageReference "contentful.swift" */;
			productName = Contentful;
		};
		15A163EF244B563700F6D1CF /* SDWebImageSwiftUI */ = {
			isa = XCSwiftPackageProductDependency;
			package = 15A163EE244B563700F6D1CF /* XCRemoteSwiftPackageReference "SDWebImageSwiftUI" */;
			productName = SDWebImageSwiftUI;
		};
/* End XCSwiftPackageProductDependency section */
	};
	rootObject = 15386A14244163290034BEF8 /* Project object */;
}
